
Microsoft Visual Studio Solution File, Format Version 12.00
# Visual Studio Version 16
VisualStudioVersion = 16.0.31005.135
MinimumVisualStudioVersion = 10.0.40219.1
Project("{FAE04EC0-301F-11D3-BF4B-00C04F79EFBC}") = "CyberSysTech_Lab1", "CyberSysTech_Lab1\CyberSysTech_Lab1.csproj", "{AED85290-F4A3-490A-9FAB-889B873CBC6C}"
EndProject
Project("{FAE04EC0-301F-11D3-BF4B-00C04F79EFBC}") = "InstallerLibrary", "InstallerLibrary\InstallerLibrary.csproj", "{7A5B90AE-25CD-4241-A9F0-ED6E0B01201A}"
EndProject
Project("{54435603-DBB4-11D2-8724-00A0C9A8B90C}") = "Setup", "Setup\Setup.vdproj", "{308AE0DA-21FF-48ED-8C73-67B87DE8424B}"
EndProject
Global
	GlobalSection(SolutionConfigurationPlatforms) = preSolution
		All|Any CPU = All|Any CPU
		Debug|Any CPU = Debug|Any CPU
		Release|Any CPU = Release|Any CPU
	EndGlobalSection
	GlobalSection(ProjectConfigurationPlatforms) = postSolution
		{AED85290-F4A3-490A-9FAB-889B873CBC6C}.All|Any CPU.ActiveCfg = Release|Any CPU
		{AED85290-F4A3-490A-9FAB-889B873CBC6C}.All|Any CPU.Build.0 = Release|Any CPU
		{AED85290-F4A3-490A-9FAB-889B873CBC6C}.Debug|Any CPU.ActiveCfg = Debug|Any CPU
		{AED85290-F4A3-490A-9FAB-889B873CBC6C}.Debug|Any CPU.Build.0 = Debug|Any CPU
		{AED85290-F4A3-490A-9FAB-889B873CBC6C}.Release|Any CPU.ActiveCfg = Release|Any CPU
		{AED85290-F4A3-490A-9FAB-889B873CBC6C}.Release|Any CPU.Build.0 = Release|Any CPU
		{7A5B90AE-25CD-4241-A9F0-ED6E0B01201A}.All|Any CPU.ActiveCfg = Debug|Any CPU
		{7A5B90AE-25CD-4241-A9F0-ED6E0B01201A}.All|Any CPU.Build.0 = Debug|Any CPU
		{7A5B90AE-25CD-4241-A9F0-ED6E0B01201A}.Debug|Any CPU.ActiveCfg = Debug|Any CPU
		{7A5B90AE-25CD-4241-A9F0-ED6E0B01201A}.Debug|Any CPU.Build.0 = Debug|Any CPU
		{7A5B90AE-25CD-4241-A9F0-ED6E0B01201A}.Release|Any CPU.ActiveCfg = Release|Any CPU
		{7A5B90AE-25CD-4241-A9F0-ED6E0B01201A}.Release|Any CPU.Build.0 = Release|Any CPU
		{308AE0DA-21FF-48ED-8C73-67B87DE8424B}.All|Any CPU.ActiveCfg = Debug
		{308AE0DA-21FF-48ED-8C73-67B87DE8424B}.All|Any CPU.Build.0 = Debug
		{308AE0DA-21FF-48ED-8C73-67B87DE8424B}.Debug|Any CPU.ActiveCfg = Debug
		{308AE0DA-21FF-48ED-8C73-67B87DE8424B}.Debug|Any CPU.Build.0 = Debug
		{308AE0DA-21FF-48ED-8C73-67B87DE8424B}.Release|Any CPU.ActiveCfg = Release
		{308AE0DA-21FF-48ED-8C73-67B87DE8424B}.Release|Any CPU.Build.0 = Release
	EndGlobalSection
	GlobalSection(SolutionProperties) = preSolution
		HideSolutionNode = FALSE
	EndGlobalSection
	GlobalSection(ExtensibilityGlobals) = postSolution
		SolutionGuid = {67ED8F29-2F41-487C-BD93-4AD3854F13F1}
	EndGlobalSection
EndGlobal
