
Microsoft Visual Studio Solution File, Format Version 12.00
# Visual Studio Version 16
VisualStudioVersion = 16.0.31005.135
MinimumVisualStudioVersion = 10.0.40219.1
Project("{FAE04EC0-301F-11D3-BF4B-00C04F79EFBC}") = "CyberSysTech_Lab1", "CyberSysTech_Lab1\CyberSysTech_Lab1.csproj", "{AED85290-F4A3-490A-9FAB-889B873CBC6C}"
EndProject
Project("{54435603-DBB4-11D2-8724-00A0C9A8B90C}") = "Setup", "Setup\Setup.vdproj", "{4EED805C-F0FC-4702-B53F-346EDF190D9E}"
EndProject
Project("{FAE04EC0-301F-11D3-BF4B-00C04F79EFBC}") = "InstallerClassesLibrary", "InstallerClassesLibrary\InstallerClassesLibrary.csproj", "{29DABFF8-A14F-48AE-A47B-5060D3B2E73C}"
EndProject
Global
	GlobalSection(SolutionConfigurationPlatforms) = preSolution
		All|Any CPU = All|Any CPU
		Debug|Any CPU = Debug|Any CPU
		Release|Any CPU = Release|Any CPU
	EndGlobalSection
	GlobalSection(ProjectConfigurationPlatforms) = postSolution
		{AED85290-F4A3-490A-9FAB-889B873CBC6C}.All|Any CPU.ActiveCfg = Release|Any CPU
		{AED85290-F4A3-490A-9FAB-889B873CBC6C}.All|Any CPU.Build.0 = Release|Any CPU
		{AED85290-F4A3-490A-9FAB-889B873CBC6C}.Debug|Any CPU.ActiveCfg = Debug|Any CPU
		{AED85290-F4A3-490A-9FAB-889B873CBC6C}.Debug|Any CPU.Build.0 = Debug|Any CPU
		{AED85290-F4A3-490A-9FAB-889B873CBC6C}.Release|Any CPU.ActiveCfg = Release|Any CPU
		{AED85290-F4A3-490A-9FAB-889B873CBC6C}.Release|Any CPU.Build.0 = Release|Any CPU
		{4EED805C-F0FC-4702-B53F-346EDF190D9E}.All|Any CPU.ActiveCfg = Debug
		{4EED805C-F0FC-4702-B53F-346EDF190D9E}.Debug|Any CPU.ActiveCfg = Debug
		{4EED805C-F0FC-4702-B53F-346EDF190D9E}.Release|Any CPU.ActiveCfg = Release
		{29DABFF8-A14F-48AE-A47B-5060D3B2E73C}.All|Any CPU.ActiveCfg = Debug|Any CPU
		{29DABFF8-A14F-48AE-A47B-5060D3B2E73C}.All|Any CPU.Build.0 = Debug|Any CPU
		{29DABFF8-A14F-48AE-A47B-5060D3B2E73C}.Debug|Any CPU.ActiveCfg = Debug|Any CPU
		{29DABFF8-A14F-48AE-A47B-5060D3B2E73C}.Debug|Any CPU.Build.0 = Debug|Any CPU
		{29DABFF8-A14F-48AE-A47B-5060D3B2E73C}.Release|Any CPU.ActiveCfg = Release|Any CPU
		{29DABFF8-A14F-48AE-A47B-5060D3B2E73C}.Release|Any CPU.Build.0 = Release|Any CPU
	EndGlobalSection
	GlobalSection(SolutionProperties) = preSolution
		HideSolutionNode = FALSE
	EndGlobalSection
	GlobalSection(ExtensibilityGlobals) = postSolution
		SolutionGuid = {67ED8F29-2F41-487C-BD93-4AD3854F13F1}
	EndGlobalSection
EndGlobal
